
Microsoft Visual Studio Solution File, Format Version 12.00
# Visual Studio Version 17
VisualStudioVersion = 17.13.35825.156
MinimumVisualStudioVersion = 10.0.40219.1
Project("{FAE04EC0-301F-11D3-BF4B-00C04F79EFBC}") = "vMarker", "vMarker.csproj", "{7E0033A8-9B8B-4A1A-9A89-C3E6ECF644B5}"
EndProject
Project("{2150E333-8FDC-42A3-9474-1A3956D46DE8}") = "Çözüm Öğeleri", "Çözüm Öğeleri", "{AC80F682-3D55-C8F8-4895-A4A9EDD49434}"
	ProjectSection(SolutionItems) = preProject
		config.toml = config.toml
	EndProjectSection
EndProject
Global
	GlobalSection(SolutionConfigurationPlatforms) = preSolution
		Debug|Any CPU = Debug|Any CPU
		Release|Any CPU = Release|Any CPU
	EndGlobalSection
	GlobalSection(ProjectConfigurationPlatforms) = postSolution
		{7E0033A8-9B8B-4A1A-9A89-C3E6ECF644B5}.Debug|Any CPU.ActiveCfg = Debug|Any CPU
		{7E0033A8-9B8B-4A1A-9A89-C3E6ECF644B5}.Debug|Any CPU.Build.0 = Debug|Any CPU
		{7E0033A8-9B8B-4A1A-9A89-C3E6ECF644B5}.Release|Any CPU.ActiveCfg = Release|Any CPU
		{7E0033A8-9B8B-4A1A-9A89-C3E6ECF644B5}.Release|Any CPU.Build.0 = Release|Any CPU
	EndGlobalSection
	GlobalSection(SolutionProperties) = preSolution
		HideSolutionNode = FALSE
	EndGlobalSection
	GlobalSection(ExtensibilityGlobals) = postSolution
		SolutionGuid = {4A972182-2B12-4B5C-86CE-1D9176DFCF87}
	EndGlobalSection
EndGlobal
